// !$*UTF8*$!
{
	archiveVersion = 1;
	classes = {
	};
	objectVersion = 46;
	objects = {

/* Begin PBXBuildFile section */
		10589C4B1A44BF5500BB496A /* AppDelegate.swift in Sources */ = {isa = PBXBuildFile; fileRef = 10589C4A1A44BF5500BB496A /* AppDelegate.swift */; };
		10589C4D1A44BF5500BB496A /* ViewController.swift in Sources */ = {isa = PBXBuildFile; fileRef = 10589C4C1A44BF5500BB496A /* ViewController.swift */; };
		10589C501A44BF5500BB496A /* Main.storyboard in Resources */ = {isa = PBXBuildFile; fileRef = 10589C4E1A44BF5500BB496A /* Main.storyboard */; };
		10589C521A44BF5500BB496A /* Images.xcassets in Resources */ = {isa = PBXBuildFile; fileRef = 10589C511A44BF5500BB496A /* Images.xcassets */; };
		10589C551A44BF5500BB496A /* LaunchScreen.xib in Resources */ = {isa = PBXBuildFile; fileRef = 10589C531A44BF5500BB496A /* LaunchScreen.xib */; };
		10589C611A44BF5500BB496A /* HelloWorldTests.swift in Sources */ = {isa = PBXBuildFile; fileRef = 10589C601A44BF5500BB496A /* HelloWorldTests.swift */; };
/* End PBXBuildFile section */

/* Begin PBXContainerItemProxy section */
		10589C5B1A44BF5500BB496A /* PBXContainerItemProxy */ = {
			isa = PBXContainerItemProxy;
			containerPortal = 10589C3D1A44BF5400BB496A /* Project object */;
			proxyType = 1;
			remoteGlobalIDString = 10589C441A44BF5400BB496A;
			remoteInfo = HelloWorld;
		};
/* End PBXContainerItemProxy section */

/* Begin PBXFileReference section */
		10589C451A44BF5500BB496A /* HelloWorld.app */ = {isa = PBXFileReference; explicitFileType = wrapper.application; includeInIndex = 0; path = HelloWorld.app; sourceTree = BUILT_PRODUCTS_DIR; };
		10589C491A44BF5500BB496A /* Info.plist */ = {isa = PBXFileReference; lastKnownFileType = text.plist.xml; path = Info.plist; sourceTree = "<group>"; };
		10589C4A1A44BF5500BB496A /* AppDelegate.swift */ = {isa = PBXFileReference; lastKnownFileType = sourcecode.swift; path = AppDelegate.swift; sourceTree = "<group>"; };
		10589C4C1A44BF5500BB496A /* ViewController.swift */ = {isa = PBXFileReference; lastKnownFileType = sourcecode.swift; path = ViewController.swift; sourceTree = "<group>"; };
		10589C4F1A44BF5500BB496A /* Base */ = {isa = PBXFileReference; lastKnownFileType = file.storyboard; name = Base; path = Base.lproj/Main.storyboard; sourceTree = "<group>"; };
		10589C511A44BF5500BB496A /* Images.xcassets */ = {isa = PBXFileReference; lastKnownFileType = folder.assetcatalog; path = Images.xcassets; sourceTree = "<group>"; };
		10589C541A44BF5500BB496A /* Base */ = {isa = PBXFileReference; lastKnownFileType = file.xib; name = Base; path = Base.lproj/LaunchScreen.xib; sourceTree = "<group>"; };
		10589C5A1A44BF5500BB496A /* HelloWorldTests.xctest */ = {isa = PBXFileReference; explicitFileType = wrapper.cfbundle; includeInIndex = 0; path = HelloWorldTests.xctest; sourceTree = BUILT_PRODUCTS_DIR; };
		10589C5F1A44BF5500BB496A /* Info.plist */ = {isa = PBXFileReference; lastKnownFileType = text.plist.xml; path = Info.plist; sourceTree = "<group>"; };
		10589C601A44BF5500BB496A /* HelloWorldTests.swift */ = {isa = PBXFileReference; lastKnownFileType = sourcecode.swift; path = HelloWorldTests.swift; sourceTree = "<group>"; };
/* End PBXFileReference section */

/* Begin PBXFrameworksBuildPhase section */
		10589C421A44BF5400BB496A /* Frameworks */ = {
			isa = PBXFrameworksBuildPhase;
			buildActionMask = 2147483647;
			files = (
			);
			runOnlyForDeploymentPostprocessing = 0;
		};
		10589C571A44BF5500BB496A /* Frameworks */ = {
			isa = PBXFrameworksBuildPhase;
			buildActionMask = 2147483647;
			files = (
			);
			runOnlyForDeploymentPostprocessing = 0;
		};
/* End PBXFrameworksBuildPhase section */

/* Begin PBXGroup section */
		10589C3C1A44BF5400BB496A = {
			isa = PBXGroup;
			children = (
				10589C471A44BF5500BB496A /* HelloWorld */,
				10589C5D1A44BF5500BB496A /* HelloWorldTests */,
				10589C461A44BF5500BB496A /* Products */,
			);
			sourceTree = "<group>";
		};
		10589C461A44BF5500BB496A /* Products */ = {
			isa = PBXGroup;
			children = (
				10589C451A44BF5500BB496A /* HelloWorld.app */,
				10589C5A1A44BF5500BB496A /* HelloWorldTests.xctest */,
			);
			name = Products;
			sourceTree = "<group>";
		};
		10589C471A44BF5500BB496A /* HelloWorld */ = {
			isa = PBXGroup;
			children = (
				10589C4A1A44BF5500BB496A /* AppDelegate.swift */,
				10589C4C1A44BF5500BB496A /* ViewController.swift */,
				10589C4E1A44BF5500BB496A /* Main.storyboard */,
				10589C511A44BF5500BB496A /* Images.xcassets */,
				10589C531A44BF5500BB496A /* LaunchScreen.xib */,
				10589C481A44BF5500BB496A /* Supporting Files */,
			);
			path = HelloWorld;
			sourceTree = "<group>";
		};
		10589C481A44BF5500BB496A /* Supporting Files */ = {
			isa = PBXGroup;
			children = (
				10589C491A44BF5500BB496A /* Info.plist */,
			);
			name = "Supporting Files";
			sourceTree = "<group>";
		};
		10589C5D1A44BF5500BB496A /* HelloWorldTests */ = {
			isa = PBXGroup;
			children = (
				10589C601A44BF5500BB496A /* HelloWorldTests.swift */,
				10589C5E1A44BF5500BB496A /* Supporting Files */,
			);
			path = HelloWorldTests;
			sourceTree = "<group>";
		};
		10589C5E1A44BF5500BB496A /* Supporting Files */ = {
			isa = PBXGroup;
			children = (
				10589C5F1A44BF5500BB496A /* Info.plist */,
			);
			name = "Supporting Files";
			sourceTree = "<group>";
		};
/* End PBXGroup section */

/* Begin PBXNativeTarget section */
		10589C441A44BF5400BB496A /* HelloWorld */ = {
			isa = PBXNativeTarget;
			buildConfigurationList = 10589C641A44BF5500BB496A /* Build configuration list for PBXNativeTarget "HelloWorld" */;
			buildPhases = (
				10589C411A44BF5400BB496A /* Sources */,
				10589C421A44BF5400BB496A /* Frameworks */,
				10589C431A44BF5400BB496A /* Resources */,
			);
			buildRules = (
			);
			dependencies = (
			);
			name = HelloWorld;
			productName = HelloWorld;
			productReference = 10589C451A44BF5500BB496A /* HelloWorld.app */;
			productType = "com.apple.product-type.application";
		};
		10589C591A44BF5500BB496A /* HelloWorldTests */ = {
			isa = PBXNativeTarget;
			buildConfigurationList = 10589C671A44BF5500BB496A /* Build configuration list for PBXNativeTarget "HelloWorldTests" */;
			buildPhases = (
				10589C561A44BF5500BB496A /* Sources */,
				10589C571A44BF5500BB496A /* Frameworks */,
				10589C581A44BF5500BB496A /* Resources */,
			);
			buildRules = (
			);
			dependencies = (
				10589C5C1A44BF5500BB496A /* PBXTargetDependency */,
			);
			name = HelloWorldTests;
			productName = HelloWorldTests;
			productReference = 10589C5A1A44BF5500BB496A /* HelloWorldTests.xctest */;
			productType = "com.apple.product-type.bundle.unit-test";
		};
/* End PBXNativeTarget section */

/* Begin PBXProject section */
		10589C3D1A44BF5400BB496A /* Project object */ = {
			isa = PBXProject;
			attributes = {
				LastUpgradeCheck = 0610;
				ORGANIZATIONNAME = "George Anthony Pazdral II";
				TargetAttributes = {
					10589C441A44BF5400BB496A = {
						CreatedOnToolsVersion = 6.1.1;
					};
					10589C591A44BF5500BB496A = {
						CreatedOnToolsVersion = 6.1.1;
						TestTargetID = 10589C441A44BF5400BB496A;
					};
				};
			};
			buildConfigurationList = 10589C401A44BF5400BB496A /* Build configuration list for PBXProject "HelloWorld" */;
			compatibilityVersion = "Xcode 3.2";
			developmentRegion = English;
			hasScannedForEncodings = 0;
			knownRegions = (
				en,
				Base,
			);
			mainGroup = 10589C3C1A44BF5400BB496A;
			productRefGroup = 10589C461A44BF5500BB496A /* Products */;
			projectDirPath = "";
			projectRoot = "";
			targets = (
				10589C441A44BF5400BB496A /* HelloWorld */,
				10589C591A44BF5500BB496A /* HelloWorldTests */,
			);
		};
/* End PBXProject section */

/* Begin PBXResourcesBuildPhase section */
		10589C431A44BF5400BB496A /* Resources */ = {
			isa = PBXResourcesBuildPhase;
			buildActionMask = 2147483647;
			files = (
				10589C501A44BF5500BB496A /* Main.storyboard in Resources */,
				10589C551A44BF5500BB496A /* LaunchScreen.xib in Resources */,
				10589C521A44BF5500BB496A /* Images.xcassets in Resources */,
			);
			runOnlyForDeploymentPostprocessing = 0;
		};
		10589C581A44BF5500BB496A /* Resources */ = {
			isa = PBXResourcesBuildPhase;
			buildActionMask = 2147483647;
			files = (
			);
			runOnlyForDeploymentPostprocessing = 0;
		};
/* End PBXResourcesBuildPhase section */

/* Begin PBXSourcesBuildPhase section */
		10589C411A44BF5400BB496A /* Sources */ = {
			isa = PBXSourcesBuildPhase;
			buildActionMask = 2147483647;
			files = (
				10589C4D1A44BF5500BB496A /* ViewController.swift in Sources */,
				10589C4B1A44BF5500BB496A /* AppDelegate.swift in Sources */,
			);
			runOnlyForDeploymentPostprocessing = 0;
		};
		10589C561A44BF5500BB496A /* Sources */ = {
			isa = PBXSourcesBuildPhase;
			buildActionMask = 2147483647;
			files = (
				10589C611A44BF5500BB496A /* HelloWorldTests.swift in Sources */,
			);
			runOnlyForDeploymentPostprocessing = 0;
		};
/* End PBXSourcesBuildPhase section */

/* Begin PBXTargetDependency section */
		10589C5C1A44BF5500BB496A /* PBXTargetDependency */ = {
			isa = PBXTargetDependency;
			target = 10589C441A44BF5400BB496A /* HelloWorld */;
			targetProxy = 10589C5B1A44BF5500BB496A /* PBXContainerItemProxy */;
		};
/* End PBXTargetDependency section */

/* Begin PBXVariantGroup section */
		10589C4E1A44BF5500BB496A /* Main.storyboard */ = {
			isa = PBXVariantGroup;
			children = (
				10589C4F1A44BF5500BB496A /* Base */,
			);
			name = Main.storyboard;
			sourceTree = "<group>";
		};
		10589C531A44BF5500BB496A /* LaunchScreen.xib */ = {
			isa = PBXVariantGroup;
			children = (
				10589C541A44BF5500BB496A /* Base */,
			);
			name = LaunchScreen.xib;
			sourceTree = "<group>";
		};
/* End PBXVariantGroup section */

/* Begin XCBuildConfiguration section */
		10589C621A44BF5500BB496A /* Debug */ = {
			isa = XCBuildConfiguration;
			buildSettings = {
				ALWAYS_SEARCH_USER_PATHS = NO;
				CLANG_CXX_LANGUAGE_STANDARD = "gnu++0x";
				CLANG_CXX_LIBRARY = "libc++";
				CLANG_ENABLE_MODULES = YES;
				CLANG_ENABLE_OBJC_ARC = YES;
				CLANG_WARN_BOOL_CONVERSION = YES;
				CLANG_WARN_CONSTANT_CONVERSION = YES;
				CLANG_WARN_DIRECT_OBJC_ISA_USAGE = YES_ERROR;
				CLANG_WARN_EMPTY_BODY = YES;
				CLANG_WARN_ENUM_CONVERSION = YES;
				CLANG_WARN_INT_CONVERSION = YES;
				CLANG_WARN_OBJC_ROOT_CLASS = YES_ERROR;
				CLANG_WARN_UNREACHABLE_CODE = YES;
				CLANG_WARN__DUPLICATE_METHOD_MATCH = YES;
				"CODE_SIGN_IDENTITY[sdk=iphoneos*]" = "iPhone Developer";
				COPY_PHASE_STRIP = NO;
				ENABLE_STRICT_OBJC_MSGSEND = YES;
				GCC_C_LANGUAGE_STANDARD = gnu99;
				GCC_DYNAMIC_NO_PIC = NO;
				GCC_OPTIMIZATION_LEVEL = 0;
				GCC_PREPROCESSOR_DEFINITIONS = (
					"DEBUG=1",
					"$(inherited)",
				);
				GCC_SYMBOLS_PRIVATE_EXTERN = NO;
				GCC_WARN_64_TO_32_BIT_CONVERSION = YES;
				GCC_WARN_ABOUT_RETURN_TYPE = YES_ERROR;
				GCC_WARN_UNDECLARED_SELECTOR = YES;
				GCC_WARN_UNINITIALIZED_AUTOS = YES_AGGRESSIVE;
				GCC_WARN_UNUSED_FUNCTION = YES;
				GCC_WARN_UNUSED_VARIABLE = YES;
				IPHONEOS_DEPLOYMENT_TARGET = 8.1;
				MTL_ENABLE_DEBUG_INFO = YES;
				ONLY_ACTIVE_ARCH = YES;
				SDKROOT = iphoneos;
				SWIFT_OPTIMIZATION_LEVEL = "-Onone";
			};
			name = Debug;
		};
		10589C631A44BF5500BB496A /* Release */ = {
			isa = XCBuildConfiguration;
			buildSettings = {
				ALWAYS_SEARCH_USER_PATHS = NO;
				CLANG_CXX_LANGUAGE_STANDARD = "gnu++0x";
				CLANG_CXX_LIBRARY = "libc++";
				CLANG_ENABLE_MODULES = YES;
				CLANG_ENABLE_OBJC_ARC = YES;
				CLANG_WARN_BOOL_CONVERSION = YES;
				CLANG_WARN_CONSTANT_CONVERSION = YES;
				CLANG_WARN_DIRECT_OBJC_ISA_USAGE = YES_ERROR;
				CLANG_WARN_EMPTY_BODY = YES;
				CLANG_WARN_ENUM_CONVERSION = YES;
				CLANG_WARN_INT_CONVERSION = YES;
				CLANG_WARN_OBJC_ROOT_CLASS = YES_ERROR;
				CLANG_WARN_UNREACHABLE_CODE = YES;
				CLANG_WARN__DUPLICATE_METHOD_MATCH = YES;
				"CODE_SIGN_IDENTITY[sdk=iphoneos*]" = "iPhone Developer";
				COPY_PHASE_STRIP = YES;
				ENABLE_NS_ASSERTIONS = NO;
				ENABLE_STRICT_OBJC_MSGSEND = YES;
				GCC_C_LANGUAGE_STANDARD = gnu99;
				GCC_WARN_64_TO_32_BIT_CONVERSION = YES;
				GCC_WARN_ABOUT_RETURN_TYPE = YES_ERROR;
				GCC_WARN_UNDECLARED_SELECTOR = YES;
				GCC_WARN_UNINITIALIZED_AUTOS = YES_AGGRESSIVE;
				GCC_WARN_UNUSED_FUNCTION = YES;
				GCC_WARN_UNUSED_VARIABLE = YES;
				IPHONEOS_DEPLOYMENT_TARGET = 8.1;
				MTL_ENABLE_DEBUG_INFO = NO;
				SDKROOT = iphoneos;
				VALIDATE_PRODUCT = YES;
			};
			name = Release;
		};
		10589C651A44BF5500BB496A /* Debug */ = {
			isa = XCBuildConfiguration;
			buildSettings = {
				ASSETCATALOG_COMPILER_APPICON_NAME = AppIcon;
				INFOPLIST_FILE = HelloWorld/Info.plist;
				LD_RUNPATH_SEARCH_PATHS = "$(inherited) @executable_path/Frameworks";
				PRODUCT_NAME = "$(TARGET_NAME)";
			};
			name = Debug;
		};
		10589C661A44BF5500BB496A /* Release */ = {
			isa = XCBuildConfiguration;
			buildSettings = {
				ASSETCATALOG_COMPILER_APPICON_NAME = AppIcon;
				INFOPLIST_FILE = HelloWorld/Info.plist;
				LD_RUNPATH_SEARCH_PATHS = "$(inherited) @executable_path/Frameworks";
				PRODUCT_NAME = "$(TARGET_NAME)";
			};
			name = Release;
		};
		10589C681A44BF5500BB496A /* Debug */ = {
			isa = XCBuildConfiguration;
			buildSettings = {
				BUNDLE_LOADER = "$(TEST_HOST)";
				FRAMEWORK_SEARCH_PATHS = (
					"$(SDKROOT)/Developer/Library/Frameworks",
					"$(inherited)",
				);
				GCC_PREPROCESSOR_DEFINITIONS = (
					"DEBUG=1",
					"$(inherited)",
				);
				INFOPLIST_FILE = HelloWorldTests/Info.plist;
				LD_RUNPATH_SEARCH_PATHS = "$(inherited) @executable_path/Frameworks @loader_path/Frameworks";
				PRODUCT_NAME = "$(TARGET_NAME)";
				TEST_HOST = "$(BUILT_PRODUCTS_DIR)/HelloWorld.app/HelloWorld";
			};
			name = Debug;
		};
		10589C691A44BF5500BB496A /* Release */ = {
			isa = XCBuildConfiguration;
			buildSettings = {
				BUNDLE_LOADER = "$(TEST_HOST)";
				FRAMEWORK_SEARCH_PATHS = (
					"$(SDKROOT)/Developer/Library/Frameworks",
					"$(inherited)",
				);
				INFOPLIST_FILE = HelloWorldTests/Info.plist;
				LD_RUNPATH_SEARCH_PATHS = "$(inherited) @executable_path/Frameworks @loader_path/Frameworks";
				PRODUCT_NAME = "$(TARGET_NAME)";
				TEST_HOST = "$(BUILT_PRODUCTS_DIR)/HelloWorld.app/HelloWorld";
			};
			name = Release;
		};
/* End XCBuildConfiguration section */

/* Begin XCConfigurationList section */
		10589C401A44BF5400BB496A /* Build configuration list for PBXProject "HelloWorld" */ = {
			isa = XCConfigurationList;
			buildConfigurations = (
				10589C621A44BF5500BB496A /* Debug */,
				10589C631A44BF5500BB496A /* Release */,
			);
			defaultConfigurationIsVisible = 0;
			defaultConfigurationName = Release;
		};
		10589C641A44BF5500BB496A /* Build configuration list for PBXNativeTarget "HelloWorld" */ = {
			isa = XCConfigurationList;
			buildConfigurations = (
				10589C651A44BF5500BB496A /* Debug */,
				10589C661A44BF5500BB496A /* Release */,
			);
			defaultConfigurationIsVisible = 0;
		};
		10589C671A44BF5500BB496A /* Build configuration list for PBXNativeTarget "HelloWorldTests" */ = {
			isa = XCConfigurationList;
			buildConfigurations = (
				10589C681A44BF5500BB496A /* Debug */,
				10589C691A44BF5500BB496A /* Release */,
			);
			defaultConfigurationIsVisible = 0;
		};
/* End XCConfigurationList section */
	};
	rootObject = 10589C3D1A44BF5400BB496A /* Project object */;
}
